
Microsoft Visual Studio Solution File, Format Version 12.00
# Visual Studio Version 17
VisualStudioVersion = 17.2.32519.379
MinimumVisualStudioVersion = 10.0.40219.1
Project("{9A19103F-16F7-4668-BE54-9A1E7A4F7556}") = "AlexBins.Utils.AsyncEvent", "AlexBins.Utils.AsyncEvent\AlexBins.Utils.AsyncEvent.csproj", "{A9B85F4E-389D-4A13-B523-B0DC125E8750}"
EndProject
Project("{9A19103F-16F7-4668-BE54-9A1E7A4F7556}") = "AlexBins.Hosting.Mqtt", "AlexBins.Hosting.Mqtt\AlexBins.Hosting.Mqtt.csproj", "{85A36403-4FA8-446D-89D8-2E5EAB99CC5A}"
EndProject
Project("{9A19103F-16F7-4668-BE54-9A1E7A4F7556}") = "Wpf.Extensions.Hosting", "Wpf.Extensions.Hosting\Wpf.Extensions.Hosting.csproj", "{E6D0B481-2655-4129-921A-D10A8A05CC76}"
EndProject
Project("{FAE04EC0-301F-11D3-BF4B-00C04F79EFBC}") = "Hosting.Wpf.Template", "Hosting.Wpf.Template\Hosting.Wpf.Template.csproj", "{ABD27C04-6E78-4BF4-9D2C-519B784C898B}"
EndProject
Project("{2150E333-8FDC-42A3-9474-1A3956D46DE8}") = "Tests", "Tests", "{508C408B-1711-48C7-A0E0-08C8D8854BC5}"
EndProject
Project("{FAE04EC0-301F-11D3-BF4B-00C04F79EFBC}") = "AsyncEvent.Test", "AsyncEvent.Test\AsyncEvent.Test.csproj", "{BD3C5F11-1BFC-4370-B3DE-D6956FEDF543}"
EndProject
Global
	GlobalSection(SolutionConfigurationPlatforms) = preSolution
		Debug|Any CPU = Debug|Any CPU
		Release|Any CPU = Release|Any CPU
	EndGlobalSection
	GlobalSection(ProjectConfigurationPlatforms) = postSolution
		{A9B85F4E-389D-4A13-B523-B0DC125E8750}.Debug|Any CPU.ActiveCfg = Debug|Any CPU
		{A9B85F4E-389D-4A13-B523-B0DC125E8750}.Debug|Any CPU.Build.0 = Debug|Any CPU
		{A9B85F4E-389D-4A13-B523-B0DC125E8750}.Release|Any CPU.ActiveCfg = Release|Any CPU
		{A9B85F4E-389D-4A13-B523-B0DC125E8750}.Release|Any CPU.Build.0 = Release|Any CPU
		{85A36403-4FA8-446D-89D8-2E5EAB99CC5A}.Debug|Any CPU.ActiveCfg = Debug|Any CPU
		{85A36403-4FA8-446D-89D8-2E5EAB99CC5A}.Debug|Any CPU.Build.0 = Debug|Any CPU
		{85A36403-4FA8-446D-89D8-2E5EAB99CC5A}.Release|Any CPU.ActiveCfg = Release|Any CPU
		{85A36403-4FA8-446D-89D8-2E5EAB99CC5A}.Release|Any CPU.Build.0 = Release|Any CPU
		{E6D0B481-2655-4129-921A-D10A8A05CC76}.Debug|Any CPU.ActiveCfg = Debug|Any CPU
		{E6D0B481-2655-4129-921A-D10A8A05CC76}.Debug|Any CPU.Build.0 = Debug|Any CPU
		{E6D0B481-2655-4129-921A-D10A8A05CC76}.Release|Any CPU.ActiveCfg = Release|Any CPU
		{E6D0B481-2655-4129-921A-D10A8A05CC76}.Release|Any CPU.Build.0 = Release|Any CPU
		{ABD27C04-6E78-4BF4-9D2C-519B784C898B}.Debug|Any CPU.ActiveCfg = Debug|Any CPU
		{ABD27C04-6E78-4BF4-9D2C-519B784C898B}.Debug|Any CPU.Build.0 = Debug|Any CPU
		{ABD27C04-6E78-4BF4-9D2C-519B784C898B}.Release|Any CPU.ActiveCfg = Release|Any CPU
		{ABD27C04-6E78-4BF4-9D2C-519B784C898B}.Release|Any CPU.Build.0 = Release|Any CPU
		{BD3C5F11-1BFC-4370-B3DE-D6956FEDF543}.Debug|Any CPU.ActiveCfg = Debug|Any CPU
		{BD3C5F11-1BFC-4370-B3DE-D6956FEDF543}.Debug|Any CPU.Build.0 = Debug|Any CPU
		{BD3C5F11-1BFC-4370-B3DE-D6956FEDF543}.Release|Any CPU.ActiveCfg = Release|Any CPU
		{BD3C5F11-1BFC-4370-B3DE-D6956FEDF543}.Release|Any CPU.Build.0 = Release|Any CPU
	EndGlobalSection
	GlobalSection(SolutionProperties) = preSolution
		HideSolutionNode = FALSE
	EndGlobalSection
	GlobalSection(ExtensibilityGlobals) = postSolution
		SolutionGuid = {5EFBEA2E-6D29-4B07-A227-1C45A450C5FD}
	EndGlobalSection
	GlobalSection(NestedProjects) = preSolution
		{BD3C5F11-1BFC-4370-B3DE-D6956FEDF543} = {508C408B-1711-48C7-A0E0-08C8D8854BC5}
	EndGlobalSection
EndGlobal
